
Microsoft Visual Studio Solution File, Format Version 12.00
# Visual Studio Version 17
VisualStudioVersion = 17.4.33020.496
MinimumVisualStudioVersion = 10.0.40219.1
Project("{FAE04EC0-301F-11D3-BF4B-00C04F79EFBC}") = "10.31.22_MS539", "10.31.22_MS539.csproj", "{CBD252B1-170A-423C-BA1A-779930100B57}"
EndProject
Global
	GlobalSection(SolutionConfigurationPlatforms) = preSolution
		Debug|Any CPU = Debug|Any CPU
		Release|Any CPU = Release|Any CPU
	EndGlobalSection
	GlobalSection(ProjectConfigurationPlatforms) = postSolution
		{CBD252B1-170A-423C-BA1A-779930100B57}.Debug|Any CPU.ActiveCfg = Debug|Any CPU
		{CBD252B1-170A-423C-BA1A-779930100B57}.Debug|Any CPU.Build.0 = Debug|Any CPU
		{CBD252B1-170A-423C-BA1A-779930100B57}.Release|Any CPU.ActiveCfg = Release|Any CPU
		{CBD252B1-170A-423C-BA1A-779930100B57}.Release|Any CPU.Build.0 = Release|Any CPU
	EndGlobalSection
	GlobalSection(SolutionProperties) = preSolution
		HideSolutionNode = FALSE
	EndGlobalSection
	GlobalSection(ExtensibilityGlobals) = postSolution
		SolutionGuid = {8B92D6DA-2C45-41B7-86F5-082E780894D0}
	EndGlobalSection
EndGlobal
